
Microsoft Visual Studio Solution File, Format Version 12.00
# Visual Studio Version 16
VisualStudioVersion = 16.0.29920.165
MinimumVisualStudioVersion = 10.0.40219.1
Project("{8BC9CEB8-8B4A-11D0-8D11-00A0C91BC942}") = "PVZPatch", "PVZPatch.vcxproj", "{20CE83CE-8864-4E8E-979C-9E063732275D}"
EndProject
Global
	GlobalSection(SolutionConfigurationPlatforms) = preSolution
		Debug|x64 = Debug|x64
		Debug|x86 = Debug|x86
		Release|x64 = Release|x64
		Release|x86 = Release|x86
	EndGlobalSection
	GlobalSection(ProjectConfigurationPlatforms) = postSolution
		{20CE83CE-8864-4E8E-979C-9E063732275D}.Debug|x64.ActiveCfg = Debug|x64
		{20CE83CE-8864-4E8E-979C-9E063732275D}.Debug|x64.Build.0 = Debug|x64
		{20CE83CE-8864-4E8E-979C-9E063732275D}.Debug|x86.ActiveCfg = Debug|Win32
		{20CE83CE-8864-4E8E-979C-9E063732275D}.Debug|x86.Build.0 = Debug|Win32
		{20CE83CE-8864-4E8E-979C-9E063732275D}.Release|x64.ActiveCfg = Release|x64
		{20CE83CE-8864-4E8E-979C-9E063732275D}.Release|x64.Build.0 = Release|x64
		{20CE83CE-8864-4E8E-979C-9E063732275D}.Release|x86.ActiveCfg = Release|Win32
		{20CE83CE-8864-4E8E-979C-9E063732275D}.Release|x86.Build.0 = Release|Win32
	EndGlobalSection
	GlobalSection(SolutionProperties) = preSolution
		HideSolutionNode = FALSE
	EndGlobalSection
	GlobalSection(ExtensibilityGlobals) = postSolution
		SolutionGuid = {74A2B00A-14AC-4F45-8270-03AC4F94D7B8}
	EndGlobalSection
EndGlobal
